{
  "name": "bmc-three-apps",
  "lockfileVersion": 3,
  "requires": true,
  "packages": {
    "": {
      "name": "bmc-three-apps",
      "dependencies": {
        "@tanstack/react-query": "^5.100.9",
        "zustand": "^5.0.13"
      }
    },
    "node_modules/@tanstack/query-core": {
      "version": "5.100.9",
      "resolved": "https://registry.npmjs.org/@tanstack/query-core/-/query-core-5.100.9.tgz",
      "integrity": "sha512-SJSFw1S8+kQ0+knv/XGfrbocWoAlT7vDKsSImtLx3ZPQmEcR46hkDjLSvynSy25N8Ms4tIEini1FuBd5k7IscQ==",
      "license": "MIT",
      "funding": {
        "type": "github",
        "url": "https://github.com/sponsors/tannerlinsley"
      }
    },
    "node_modules/@tanstack/react-query": {
      "version": "5.100.9",
      "resolved": "https://registry.npmjs.org/@tanstack/react-query/-/react-query-5.100.9.tgz",
      "integrity": "sha512-Oa44XkaI3kCNN6ME0KByU3xT3SEUNOMfZpHxL6+wFoTm+OeUFYHKdeYVe0aOXlRDm/f15sgLwEt2HDorIdW8+A==",
      "license": "MIT",
      "dependencies": {
        "@tanstack/query-core": "5.100.9"
      },
      "funding": {
        "type": "github",
        "url": "https://github.com/sponsors/tannerlinsley"
      },
      "peerDependencies": {
        "react": "^18 || ^19"
      }
    },
    "node_modules/react": {
      "version": "19.2.6",
      "resolved": "https://registry.npmjs.org/react/-/react-19.2.6.tgz",
      "integrity": "sha512-sfWGGfavi0xr8Pg0sVsyHMAOziVYKgPLNrS7ig+ivMNb3wbCBw3KxtflsGBAwD3gYQlE/AEZsTLgToRrSCjb0Q==",
      "license": "MIT",
      "peer": true,
      "engines": {
        "node": ">=0.10.0"
      }
    },
    "node_modules/zustand": {
      "version": "5.0.13",
      "resolved": "https://registry.npmjs.org/zustand/-/zustand-5.0.13.tgz",
      "integrity": "sha512-efI2tVaVQPqtOh114loML/Z80Y4NP3yc+Ff0fYiZJPauNeWZeIp/bRFD7I9bfmCOYBh/PHxlglQ9+wvlwnPikQ==",
      "license": "MIT",
      "engines": {
        "node": ">=12.20.0"
      },
      "peerDependencies": {
        "@types/react": ">=18.0.0",
        "immer": ">=9.0.6",
        "react": ">=18.0.0",
        "use-sync-external-store": ">=1.2.0"
      },
      "peerDependenciesMeta": {
        "@types/react": {
          "optional": true
        },
        "immer": {
          "optional": true
        },
        "react": {
          "optional": true
        },
        "use-sync-external-store": {
          "optional": true
        }
      }
    }
  }
}
